// !$*UTF8*$!
{
	archiveVersion = 1;
	classes = {
	};
	objectVersion = 77;
	objects = {

/* Begin PBXBuildFile section */
		2AC788EEBF88A4EA422C6378 /* Assets.xcassets in Resources */ = {isa = PBXBuildFile; fileRef = C4A3B2D75A6E711C8BBC77F7 /* Assets.xcassets */; };
		53C35EA9BE2D34FACC9DEEA4 /* TankmateApp.swift in Sources */ = {isa = PBXBuildFile; fileRef = FA0C395487F710DD23FDC6F9 /* TankmateApp.swift */; };
		6447B69CC8284F7D614073CC /* ReminderScheduler.swift in Sources */ = {isa = PBXBuildFile; fileRef = B46328C27A89F157E344346D /* ReminderScheduler.swift */; };
		6C4A456391F333B5E1981768 /* TankmateUITests.swift in Sources */ = {isa = PBXBuildFile; fileRef = 87E596175AE46433DBA96964 /* TankmateUITests.swift */; };
		87F6FDB6A60233796E2D3D00 /* PushRegistrar.swift in Sources */ = {isa = PBXBuildFile; fileRef = 4C96B0FBFB34973BD9622AD1 /* PushRegistrar.swift */; };
		99F5524A4D0A23CF69949558 /* RemindersView.swift in Sources */ = {isa = PBXBuildFile; fileRef = FDB146058B116B7BA851397B /* RemindersView.swift */; };
		9BFE8C33DA8B4BD1B6917DA8 /* WebAppView.swift in Sources */ = {isa = PBXBuildFile; fileRef = 4C2412AC7D8B7DFE2DCCF571 /* WebAppView.swift */; };
		DF5FF4671D9799579BA225ED /* BundledWebSchemeHandler.swift in Sources */ = {isa = PBXBuildFile; fileRef = A86596F7162FEFFDE2F6D1C5 /* BundledWebSchemeHandler.swift */; };
		EA523879D90C9BCC47D66F95 /* PrivacyInfo.xcprivacy in Resources */ = {isa = PBXBuildFile; fileRef = 0CC53DED1A57751ED76BF1A9 /* PrivacyInfo.xcprivacy */; };
/* End PBXBuildFile section */

/* Begin PBXContainerItemProxy section */
		25DFAD0327A3DD51DD207E29 /* PBXContainerItemProxy */ = {
			isa = PBXContainerItemProxy;
			containerPortal = 36395C310FC579227A47A6F0 /* Project object */;
			proxyType = 1;
			remoteGlobalIDString = 3BC0E2C67006E83F1F2B4904;
			remoteInfo = Tankmate;
		};
/* End PBXContainerItemProxy section */

/* Begin PBXFileReference section */
		0CC53DED1A57751ED76BF1A9 /* PrivacyInfo.xcprivacy */ = {isa = PBXFileReference; path = PrivacyInfo.xcprivacy; sourceTree = "<group>"; };
		143F0C68C6D00026BA23AECF /* Tankmate.app */ = {isa = PBXFileReference; includeInIndex = 0; lastKnownFileType = wrapper.application; path = Tankmate.app; sourceTree = BUILT_PRODUCTS_DIR; };
		4C2412AC7D8B7DFE2DCCF571 /* WebAppView.swift */ = {isa = PBXFileReference; lastKnownFileType = sourcecode.swift; path = WebAppView.swift; sourceTree = "<group>"; };
		4C96B0FBFB34973BD9622AD1 /* PushRegistrar.swift */ = {isa = PBXFileReference; lastKnownFileType = sourcecode.swift; path = PushRegistrar.swift; sourceTree = "<group>"; };
		60C16955CC9C6134DC8CFA33 /* TankmateUITests.xctest */ = {isa = PBXFileReference; includeInIndex = 0; lastKnownFileType = wrapper.cfbundle; path = TankmateUITests.xctest; sourceTree = BUILT_PRODUCTS_DIR; };
		87931D26660478A4E5FA15B4 /* AppStore.xcconfig */ = {isa = PBXFileReference; lastKnownFileType = text.xcconfig; path = AppStore.xcconfig; sourceTree = "<group>"; };
		87E596175AE46433DBA96964 /* TankmateUITests.swift */ = {isa = PBXFileReference; lastKnownFileType = sourcecode.swift; path = TankmateUITests.swift; sourceTree = "<group>"; };
		A86596F7162FEFFDE2F6D1C5 /* BundledWebSchemeHandler.swift */ = {isa = PBXFileReference; lastKnownFileType = sourcecode.swift; path = BundledWebSchemeHandler.swift; sourceTree = "<group>"; };
		B46328C27A89F157E344346D /* ReminderScheduler.swift */ = {isa = PBXFileReference; lastKnownFileType = sourcecode.swift; path = ReminderScheduler.swift; sourceTree = "<group>"; };
		C4A3B2D75A6E711C8BBC77F7 /* Assets.xcassets */ = {isa = PBXFileReference; lastKnownFileType = folder.assetcatalog; path = Assets.xcassets; sourceTree = "<group>"; };
		FA0C395487F710DD23FDC6F9 /* TankmateApp.swift */ = {isa = PBXFileReference; lastKnownFileType = sourcecode.swift; path = TankmateApp.swift; sourceTree = "<group>"; };
		FDB146058B116B7BA851397B /* RemindersView.swift */ = {isa = PBXFileReference; lastKnownFileType = sourcecode.swift; path = RemindersView.swift; sourceTree = "<group>"; };
/* End PBXFileReference section */

/* Begin PBXGroup section */
		2CA61E29E9C4369BFCCC4810 /* configs */ = {
			isa = PBXGroup;
			children = (
				87931D26660478A4E5FA15B4 /* AppStore.xcconfig */,
			);
			path = configs;
			sourceTree = "<group>";
		};
		499021692E6D0904821508AB /* UITests */ = {
			isa = PBXGroup;
			children = (
				87E596175AE46433DBA96964 /* TankmateUITests.swift */,
			);
			path = UITests;
			sourceTree = "<group>";
		};
		6DB8BF8281C9FDE623543FBE /* Sources */ = {
			isa = PBXGroup;
			children = (
				A86596F7162FEFFDE2F6D1C5 /* BundledWebSchemeHandler.swift */,
				4C96B0FBFB34973BD9622AD1 /* PushRegistrar.swift */,
				B46328C27A89F157E344346D /* ReminderScheduler.swift */,
				FDB146058B116B7BA851397B /* RemindersView.swift */,
				FA0C395487F710DD23FDC6F9 /* TankmateApp.swift */,
				4C2412AC7D8B7DFE2DCCF571 /* WebAppView.swift */,
			);
			path = Sources;
			sourceTree = "<group>";
		};
		71AEAC9406C6465DEFBAA3A6 = {
			isa = PBXGroup;
			children = (
				2CA61E29E9C4369BFCCC4810 /* configs */,
				8060FEC8D85061613F48DAB6 /* Resources */,
				6DB8BF8281C9FDE623543FBE /* Sources */,
				499021692E6D0904821508AB /* UITests */,
				D11D2F3849ABDDA3DE6F428A /* Products */,
			);
			sourceTree = "<group>";
		};
		8060FEC8D85061613F48DAB6 /* Resources */ = {
			isa = PBXGroup;
			children = (
				C4A3B2D75A6E711C8BBC77F7 /* Assets.xcassets */,
				0CC53DED1A57751ED76BF1A9 /* PrivacyInfo.xcprivacy */,
			);
			path = Resources;
			sourceTree = "<group>";
		};
		D11D2F3849ABDDA3DE6F428A /* Products */ = {
			isa = PBXGroup;
			children = (
				143F0C68C6D00026BA23AECF /* Tankmate.app */,
				60C16955CC9C6134DC8CFA33 /* TankmateUITests.xctest */,
			);
			name = Products;
			sourceTree = "<group>";
		};
/* End PBXGroup section */

/* Begin PBXNativeTarget section */
		3BC0E2C67006E83F1F2B4904 /* Tankmate */ = {
			isa = PBXNativeTarget;
			buildConfigurationList = 43E7C833DAF5773195515ABB /* Build configuration list for PBXNativeTarget "Tankmate" */;
			buildPhases = (
				1BD6BE53B236B23AC3E55715 /* Sources */,
				85980747FE53D43AD3071755 /* Resources */,
				1CE94CC636637A9C6317E682 /* Bundle the Tankmate web app */,
			);
			buildRules = (
			);
			dependencies = (
			);
			name = Tankmate;
			packageProductDependencies = (
			);
			productName = Tankmate;
			productReference = 143F0C68C6D00026BA23AECF /* Tankmate.app */;
			productType = "com.apple.product-type.application";
		};
		7073131B01B9DB9C3EE82FEE /* TankmateUITests */ = {
			isa = PBXNativeTarget;
			buildConfigurationList = 8930D21DBD1329CFBD064CA3 /* Build configuration list for PBXNativeTarget "TankmateUITests" */;
			buildPhases = (
				4998C76C453D17942E164A4C /* Sources */,
			);
			buildRules = (
			);
			dependencies = (
				6EEE1F4A4B3568701FAA687F /* PBXTargetDependency */,
			);
			name = TankmateUITests;
			packageProductDependencies = (
			);
			productName = TankmateUITests;
			productReference = 60C16955CC9C6134DC8CFA33 /* TankmateUITests.xctest */;
			productType = "com.apple.product-type.bundle.ui-testing";
		};
/* End PBXNativeTarget section */

/* Begin PBXProject section */
		36395C310FC579227A47A6F0 /* Project object */ = {
			isa = PBXProject;
			attributes = {
				BuildIndependentTargetsInParallel = YES;
				LastUpgradeCheck = 1430;
				TargetAttributes = {
					3BC0E2C67006E83F1F2B4904 = {
						DevelopmentTeam = "";
						ProvisioningStyle = Manual;
					};
					7073131B01B9DB9C3EE82FEE = {
						DevelopmentTeam = "";
						ProvisioningStyle = Manual;
						TestTargetID = 3BC0E2C67006E83F1F2B4904;
					};
				};
			};
			buildConfigurationList = 64E5021181E268CAD8A2F980 /* Build configuration list for PBXProject "Tankmate" */;
			developmentRegion = en;
			hasScannedForEncodings = 0;
			knownRegions = (
				Base,
				en,
			);
			mainGroup = 71AEAC9406C6465DEFBAA3A6;
			minimizedProjectReferenceProxies = 1;
			preferredProjectObjectVersion = 77;
			productRefGroup = D11D2F3849ABDDA3DE6F428A /* Products */;
			projectDirPath = "";
			projectRoot = "";
			targets = (
				3BC0E2C67006E83F1F2B4904 /* Tankmate */,
				7073131B01B9DB9C3EE82FEE /* TankmateUITests */,
			);
		};
/* End PBXProject section */

/* Begin PBXResourcesBuildPhase section */
		85980747FE53D43AD3071755 /* Resources */ = {
			isa = PBXResourcesBuildPhase;
			buildActionMask = 2147483647;
			files = (
				2AC788EEBF88A4EA422C6378 /* Assets.xcassets in Resources */,
				EA523879D90C9BCC47D66F95 /* PrivacyInfo.xcprivacy in Resources */,
			);
			runOnlyForDeploymentPostprocessing = 0;
		};
/* End PBXResourcesBuildPhase section */

/* Begin PBXShellScriptBuildPhase section */
		1CE94CC636637A9C6317E682 /* Bundle the Tankmate web app */ = {
			isa = PBXShellScriptBuildPhase;
			alwaysOutOfDate = 1;
			buildActionMask = 2147483647;
			files = (
			);
			inputFileListPaths = (
			);
			inputPaths = (
			);
			name = "Bundle the Tankmate web app";
			outputFileListPaths = (
			);
			outputPaths = (
			);
			runOnlyForDeploymentPostprocessing = 0;
			shellPath = /bin/sh;
			shellScript = "\"$PROJECT_DIR/scripts/prepare-web-bundle.py\" \\\n  \"$PROJECT_DIR/..\" \\\n  \"$TARGET_BUILD_DIR/$UNLOCALIZED_RESOURCES_FOLDER_PATH/web\"\n";
		};
/* End PBXShellScriptBuildPhase section */

/* Begin PBXSourcesBuildPhase section */
		1BD6BE53B236B23AC3E55715 /* Sources */ = {
			isa = PBXSourcesBuildPhase;
			buildActionMask = 2147483647;
			files = (
				DF5FF4671D9799579BA225ED /* BundledWebSchemeHandler.swift in Sources */,
				87F6FDB6A60233796E2D3D00 /* PushRegistrar.swift in Sources */,
				6447B69CC8284F7D614073CC /* ReminderScheduler.swift in Sources */,
				99F5524A4D0A23CF69949558 /* RemindersView.swift in Sources */,
				53C35EA9BE2D34FACC9DEEA4 /* TankmateApp.swift in Sources */,
				9BFE8C33DA8B4BD1B6917DA8 /* WebAppView.swift in Sources */,
			);
			runOnlyForDeploymentPostprocessing = 0;
		};
		4998C76C453D17942E164A4C /* Sources */ = {
			isa = PBXSourcesBuildPhase;
			buildActionMask = 2147483647;
			files = (
				6C4A456391F333B5E1981768 /* TankmateUITests.swift in Sources */,
			);
			runOnlyForDeploymentPostprocessing = 0;
		};
/* End PBXSourcesBuildPhase section */

/* Begin PBXTargetDependency section */
		6EEE1F4A4B3568701FAA687F /* PBXTargetDependency */ = {
			isa = PBXTargetDependency;
			target = 3BC0E2C67006E83F1F2B4904 /* Tankmate */;
			targetProxy = 25DFAD0327A3DD51DD207E29 /* PBXContainerItemProxy */;
		};
/* End PBXTargetDependency section */

/* Begin XCBuildConfiguration section */
		54C6D0AA3BC706450813F49B /* Release */ = {
			isa = XCBuildConfiguration;
			buildSettings = {
				ALWAYS_SEARCH_USER_PATHS = NO;
				CLANG_ANALYZER_NONNULL = YES;
				CLANG_ANALYZER_NUMBER_OBJECT_CONVERSION = YES_AGGRESSIVE;
				CLANG_CXX_LANGUAGE_STANDARD = "gnu++14";
				CLANG_CXX_LIBRARY = "libc++";
				CLANG_ENABLE_MODULES = YES;
				CLANG_ENABLE_OBJC_ARC = YES;
				CLANG_ENABLE_OBJC_WEAK = YES;
				CLANG_WARN_BLOCK_CAPTURE_AUTORELEASING = YES;
				CLANG_WARN_BOOL_CONVERSION = YES;
				CLANG_WARN_COMMA = YES;
				CLANG_WARN_CONSTANT_CONVERSION = YES;
				CLANG_WARN_DEPRECATED_OBJC_IMPLEMENTATIONS = YES;
				CLANG_WARN_DIRECT_OBJC_ISA_USAGE = YES_ERROR;
				CLANG_WARN_DOCUMENTATION_COMMENTS = YES;
				CLANG_WARN_EMPTY_BODY = YES;
				CLANG_WARN_ENUM_CONVERSION = YES;
				CLANG_WARN_INFINITE_RECURSION = YES;
				CLANG_WARN_INT_CONVERSION = YES;
				CLANG_WARN_NON_LITERAL_NULL_CONVERSION = YES;
				CLANG_WARN_OBJC_IMPLICIT_RETAIN_SELF = YES;
				CLANG_WARN_OBJC_LITERAL_CONVERSION = YES;
				CLANG_WARN_OBJC_ROOT_CLASS = YES_ERROR;
				CLANG_WARN_QUOTED_INCLUDE_IN_FRAMEWORK_HEADER = YES;
				CLANG_WARN_RANGE_LOOP_ANALYSIS = YES;
				CLANG_WARN_STRICT_PROTOTYPES = YES;
				CLANG_WARN_SUSPICIOUS_MOVE = YES;
				CLANG_WARN_UNGUARDED_AVAILABILITY = YES_AGGRESSIVE;
				CLANG_WARN_UNREACHABLE_CODE = YES;
				CLANG_WARN__DUPLICATE_METHOD_MATCH = YES;
				CODE_SIGN_STYLE = Manual;
				COPY_PHASE_STRIP = NO;
				CURRENT_PROJECT_VERSION = 1;
				DEBUG_INFORMATION_FORMAT = "dwarf-with-dsym";
				DEVELOPMENT_TEAM = "";
				ENABLE_NS_ASSERTIONS = NO;
				ENABLE_STRICT_OBJC_MSGSEND = YES;
				GCC_C_LANGUAGE_STANDARD = gnu11;
				GCC_NO_COMMON_BLOCKS = YES;
				GCC_WARN_64_TO_32_BIT_CONVERSION = YES;
				GCC_WARN_ABOUT_RETURN_TYPE = YES_ERROR;
				GCC_WARN_UNDECLARED_SELECTOR = YES;
				GCC_WARN_UNINITIALIZED_AUTOS = YES_AGGRESSIVE;
				GCC_WARN_UNUSED_FUNCTION = YES;
				GCC_WARN_UNUSED_VARIABLE = YES;
				IPHONEOS_DEPLOYMENT_TARGET = 17.0;
				MARKETING_VERSION = 1.0.0;
				MTL_ENABLE_DEBUG_INFO = NO;
				MTL_FAST_MATH = YES;
				PRODUCT_NAME = "$(TARGET_NAME)";
				SDKROOT = iphoneos;
				SWIFT_COMPILATION_MODE = wholemodule;
				SWIFT_OPTIMIZATION_LEVEL = "-O";
				SWIFT_VERSION = 5.9;
			};
			name = Release;
		};
		93998DF18BD3FB3F61C6FE56 /* Debug */ = {
			isa = XCBuildConfiguration;
			buildSettings = {
				BUNDLE_LOADER = "$(TEST_HOST)";
				GENERATE_INFOPLIST_FILE = YES;
				LD_RUNPATH_SEARCH_PATHS = (
					"$(inherited)",
					"@executable_path/Frameworks",
					"@loader_path/Frameworks",
				);
				PRODUCT_BUNDLE_IDENTIFIER = uk.co.riera.tankmate.uitests;
				SDKROOT = iphoneos;
				TARGETED_DEVICE_FAMILY = "1,2";
				TEST_TARGET_NAME = Tankmate;
			};
			name = Debug;
		};
		9797870FAEE2A135F61C7322 /* Release */ = {
			isa = XCBuildConfiguration;
			baseConfigurationReference = 87931D26660478A4E5FA15B4 /* AppStore.xcconfig */;
			buildSettings = {
				ASSETCATALOG_COMPILER_APPICON_NAME = AppIcon;
				CODE_SIGN_IDENTITY = "iPhone Developer";
				ENABLE_USER_SCRIPT_SANDBOXING = NO;
				GENERATE_INFOPLIST_FILE = YES;
				INFOPLIST_FILE = "Tankmate-Info.plist";
				INFOPLIST_KEY_CFBundleDisplayName = Tankmate;
				INFOPLIST_KEY_LSApplicationCategoryType = "public.app-category.lifestyle";
				INFOPLIST_KEY_NSHumanReadableCopyright = "© 2026 Joan Marc Riera Duocastella";
				INFOPLIST_KEY_UIRequiresFullScreen = YES;
				INFOPLIST_KEY_UISupportedInterfaceOrientations_iPad = "UIInterfaceOrientationPortrait UIInterfaceOrientationPortraitUpsideDown UIInterfaceOrientationLandscapeLeft UIInterfaceOrientationLandscapeRight";
				INFOPLIST_KEY_UISupportedInterfaceOrientations_iPhone = UIInterfaceOrientationPortrait;
				INFOPLIST_KEY_UIUserInterfaceStyle = Dark;
				LD_RUNPATH_SEARCH_PATHS = (
					"$(inherited)",
					"@executable_path/Frameworks",
				);
				PRODUCT_NAME = Tankmate;
				SDKROOT = iphoneos;
				TARGETED_DEVICE_FAMILY = "1,2";
			};
			name = Release;
		};
		A48E2BD90AD43064F151019B /* Debug */ = {
			isa = XCBuildConfiguration;
			buildSettings = {
				ALWAYS_SEARCH_USER_PATHS = NO;
				CLANG_ANALYZER_NONNULL = YES;
				CLANG_ANALYZER_NUMBER_OBJECT_CONVERSION = YES_AGGRESSIVE;
				CLANG_CXX_LANGUAGE_STANDARD = "gnu++14";
				CLANG_CXX_LIBRARY = "libc++";
				CLANG_ENABLE_MODULES = YES;
				CLANG_ENABLE_OBJC_ARC = YES;
				CLANG_ENABLE_OBJC_WEAK = YES;
				CLANG_WARN_BLOCK_CAPTURE_AUTORELEASING = YES;
				CLANG_WARN_BOOL_CONVERSION = YES;
				CLANG_WARN_COMMA = YES;
				CLANG_WARN_CONSTANT_CONVERSION = YES;
				CLANG_WARN_DEPRECATED_OBJC_IMPLEMENTATIONS = YES;
				CLANG_WARN_DIRECT_OBJC_ISA_USAGE = YES_ERROR;
				CLANG_WARN_DOCUMENTATION_COMMENTS = YES;
				CLANG_WARN_EMPTY_BODY = YES;
				CLANG_WARN_ENUM_CONVERSION = YES;
				CLANG_WARN_INFINITE_RECURSION = YES;
				CLANG_WARN_INT_CONVERSION = YES;
				CLANG_WARN_NON_LITERAL_NULL_CONVERSION = YES;
				CLANG_WARN_OBJC_IMPLICIT_RETAIN_SELF = YES;
				CLANG_WARN_OBJC_LITERAL_CONVERSION = YES;
				CLANG_WARN_OBJC_ROOT_CLASS = YES_ERROR;
				CLANG_WARN_QUOTED_INCLUDE_IN_FRAMEWORK_HEADER = YES;
				CLANG_WARN_RANGE_LOOP_ANALYSIS = YES;
				CLANG_WARN_STRICT_PROTOTYPES = YES;
				CLANG_WARN_SUSPICIOUS_MOVE = YES;
				CLANG_WARN_UNGUARDED_AVAILABILITY = YES_AGGRESSIVE;
				CLANG_WARN_UNREACHABLE_CODE = YES;
				CLANG_WARN__DUPLICATE_METHOD_MATCH = YES;
				CODE_SIGN_STYLE = Manual;
				COPY_PHASE_STRIP = NO;
				CURRENT_PROJECT_VERSION = 1;
				DEBUG_INFORMATION_FORMAT = dwarf;
				DEVELOPMENT_TEAM = "";
				ENABLE_STRICT_OBJC_MSGSEND = YES;
				ENABLE_TESTABILITY = YES;
				GCC_C_LANGUAGE_STANDARD = gnu11;
				GCC_DYNAMIC_NO_PIC = NO;
				GCC_NO_COMMON_BLOCKS = YES;
				GCC_OPTIMIZATION_LEVEL = 0;
				GCC_PREPROCESSOR_DEFINITIONS = (
					"$(inherited)",
					"DEBUG=1",
				);
				GCC_WARN_64_TO_32_BIT_CONVERSION = YES;
				GCC_WARN_ABOUT_RETURN_TYPE = YES_ERROR;
				GCC_WARN_UNDECLARED_SELECTOR = YES;
				GCC_WARN_UNINITIALIZED_AUTOS = YES_AGGRESSIVE;
				GCC_WARN_UNUSED_FUNCTION = YES;
				GCC_WARN_UNUSED_VARIABLE = YES;
				IPHONEOS_DEPLOYMENT_TARGET = 17.0;
				MARKETING_VERSION = 1.0.0;
				MTL_ENABLE_DEBUG_INFO = INCLUDE_SOURCE;
				MTL_FAST_MATH = YES;
				ONLY_ACTIVE_ARCH = YES;
				PRODUCT_NAME = "$(TARGET_NAME)";
				SDKROOT = iphoneos;
				SWIFT_ACTIVE_COMPILATION_CONDITIONS = DEBUG;
				SWIFT_OPTIMIZATION_LEVEL = "-Onone";
				SWIFT_VERSION = 5.9;
			};
			name = Debug;
		};
		E24F488575096506E56FD9BE /* Release */ = {
			isa = XCBuildConfiguration;
			buildSettings = {
				BUNDLE_LOADER = "$(TEST_HOST)";
				GENERATE_INFOPLIST_FILE = YES;
				LD_RUNPATH_SEARCH_PATHS = (
					"$(inherited)",
					"@executable_path/Frameworks",
					"@loader_path/Frameworks",
				);
				PRODUCT_BUNDLE_IDENTIFIER = uk.co.riera.tankmate.uitests;
				SDKROOT = iphoneos;
				TARGETED_DEVICE_FAMILY = "1,2";
				TEST_TARGET_NAME = Tankmate;
			};
			name = Release;
		};
		E2C017E3BF31A43FF43443E2 /* Debug */ = {
			isa = XCBuildConfiguration;
			baseConfigurationReference = 87931D26660478A4E5FA15B4 /* AppStore.xcconfig */;
			buildSettings = {
				ASSETCATALOG_COMPILER_APPICON_NAME = AppIcon;
				CODE_SIGN_IDENTITY = "iPhone Developer";
				ENABLE_USER_SCRIPT_SANDBOXING = NO;
				GENERATE_INFOPLIST_FILE = YES;
				INFOPLIST_FILE = "Tankmate-Info.plist";
				INFOPLIST_KEY_CFBundleDisplayName = Tankmate;
				INFOPLIST_KEY_LSApplicationCategoryType = "public.app-category.lifestyle";
				INFOPLIST_KEY_NSHumanReadableCopyright = "© 2026 Joan Marc Riera Duocastella";
				INFOPLIST_KEY_UIRequiresFullScreen = YES;
				INFOPLIST_KEY_UISupportedInterfaceOrientations_iPad = "UIInterfaceOrientationPortrait UIInterfaceOrientationPortraitUpsideDown UIInterfaceOrientationLandscapeLeft UIInterfaceOrientationLandscapeRight";
				INFOPLIST_KEY_UISupportedInterfaceOrientations_iPhone = UIInterfaceOrientationPortrait;
				INFOPLIST_KEY_UIUserInterfaceStyle = Dark;
				LD_RUNPATH_SEARCH_PATHS = (
					"$(inherited)",
					"@executable_path/Frameworks",
				);
				PRODUCT_NAME = Tankmate;
				SDKROOT = iphoneos;
				TARGETED_DEVICE_FAMILY = "1,2";
			};
			name = Debug;
		};
/* End XCBuildConfiguration section */

/* Begin XCConfigurationList section */
		43E7C833DAF5773195515ABB /* Build configuration list for PBXNativeTarget "Tankmate" */ = {
			isa = XCConfigurationList;
			buildConfigurations = (
				E2C017E3BF31A43FF43443E2 /* Debug */,
				9797870FAEE2A135F61C7322 /* Release */,
			);
			defaultConfigurationIsVisible = 0;
			defaultConfigurationName = Debug;
		};
		64E5021181E268CAD8A2F980 /* Build configuration list for PBXProject "Tankmate" */ = {
			isa = XCConfigurationList;
			buildConfigurations = (
				A48E2BD90AD43064F151019B /* Debug */,
				54C6D0AA3BC706450813F49B /* Release */,
			);
			defaultConfigurationIsVisible = 0;
			defaultConfigurationName = Debug;
		};
		8930D21DBD1329CFBD064CA3 /* Build configuration list for PBXNativeTarget "TankmateUITests" */ = {
			isa = XCConfigurationList;
			buildConfigurations = (
				93998DF18BD3FB3F61C6FE56 /* Debug */,
				E24F488575096506E56FD9BE /* Release */,
			);
			defaultConfigurationIsVisible = 0;
			defaultConfigurationName = Debug;
		};
/* End XCConfigurationList section */
	};
	rootObject = 36395C310FC579227A47A6F0 /* Project object */;
}
